
Microsoft Visual Studio Solution File, Format Version 12.00
# Visual Studio Version 17
VisualStudioVersion = 17.1.32210.238
MinimumVisualStudioVersion = 10.0.40219.1
Project("{FAE04EC0-301F-11D3-BF4B-00C04F79EFBC}") = "SnakeAndLadder", "SnakeAndLadder.csproj", "{A1F615C2-781E-472C-8FDE-6CEDD2607269}"
EndProject
Global
	GlobalSection(SolutionConfigurationPlatforms) = preSolution
		Debug|Any CPU = Debug|Any CPU
		Release|Any CPU = Release|Any CPU
	EndGlobalSection
	GlobalSection(ProjectConfigurationPlatforms) = postSolution
		{A1F615C2-781E-472C-8FDE-6CEDD2607269}.Debug|Any CPU.ActiveCfg = Debug|Any CPU
		{A1F615C2-781E-472C-8FDE-6CEDD2607269}.Debug|Any CPU.Build.0 = Debug|Any CPU
		{A1F615C2-781E-472C-8FDE-6CEDD2607269}.Release|Any CPU.ActiveCfg = Release|Any CPU
		{A1F615C2-781E-472C-8FDE-6CEDD2607269}.Release|Any CPU.Build.0 = Release|Any CPU
	EndGlobalSection
	GlobalSection(SolutionProperties) = preSolution
		HideSolutionNode = FALSE
	EndGlobalSection
	GlobalSection(ExtensibilityGlobals) = postSolution
		SolutionGuid = {6B8E0FF7-DF9A-446F-9691-BD39E3746FCC}
	EndGlobalSection
EndGlobal
